
Microsoft Visual Studio Solution File, Format Version 12.00
# Visual Studio 15
VisualStudioVersion = 15.0.27130.2027
MinimumVisualStudioVersion = 10.0.40219.1
Project("{FAE04EC0-301F-11D3-BF4B-00C04F79EFBC}") = "Interpreter", "Interpreter\Interpreter.csproj", "{662D738A-983C-4776-889A-FE5D2D0B2881}"
EndProject
Global
	GlobalSection(SolutionConfigurationPlatforms) = preSolution
		Debug|Any CPU = Debug|Any CPU
		Release|Any CPU = Release|Any CPU
	EndGlobalSection
	GlobalSection(ProjectConfigurationPlatforms) = postSolution
		{662D738A-983C-4776-889A-FE5D2D0B2881}.Debug|Any CPU.ActiveCfg = Debug|Any CPU
		{662D738A-983C-4776-889A-FE5D2D0B2881}.Debug|Any CPU.Build.0 = Debug|Any CPU
		{662D738A-983C-4776-889A-FE5D2D0B2881}.Release|Any CPU.ActiveCfg = Release|Any CPU
		{662D738A-983C-4776-889A-FE5D2D0B2881}.Release|Any CPU.Build.0 = Release|Any CPU
	EndGlobalSection
	GlobalSection(SolutionProperties) = preSolution
		HideSolutionNode = FALSE
	EndGlobalSection
	GlobalSection(ExtensibilityGlobals) = postSolution
		SolutionGuid = {2324344C-A85F-45FF-A466-2EB12770A13F}
	EndGlobalSection
EndGlobal
