
Microsoft Visual Studio Solution File, Format Version 12.00
Project("{FAE04EC0-301F-11D3-BF4B-00C04F79EFBC}") = "Prettyprinter", "Prettyprinter.csproj", "{95C44B19-770E-4EE1-B988-18B79357361B}"
EndProject
Global
	GlobalSection(SolutionConfigurationPlatforms) = preSolution
		Debug|Any CPU = Debug|Any CPU
		Release|Any CPU = Release|Any CPU
	EndGlobalSection
	GlobalSection(ProjectConfigurationPlatforms) = postSolution
		{95C44B19-770E-4EE1-B988-18B79357361B}.Debug|Any CPU.ActiveCfg = Debug|Any CPU
		{95C44B19-770E-4EE1-B988-18B79357361B}.Debug|Any CPU.Build.0 = Debug|Any CPU
		{95C44B19-770E-4EE1-B988-18B79357361B}.Release|Any CPU.ActiveCfg = Release|Any CPU
		{95C44B19-770E-4EE1-B988-18B79357361B}.Release|Any CPU.Build.0 = Release|Any CPU
	EndGlobalSection
EndGlobal
